// !$*UTF8*$!
{
	archiveVersion = 1;
	classes = {
	};
	objectVersion = 50;
	objects = {

/* Begin PBXBuildFile section */
		F601B7F524DE9B0100ABE527 /* AppDelegate.swift in Sources */ = {isa = PBXBuildFile; fileRef = F601B7F424DE9B0100ABE527 /* AppDelegate.swift */; };
		F601B7F724DE9B0100ABE527 /* SceneDelegate.swift in Sources */ = {isa = PBXBuildFile; fileRef = F601B7F624DE9B0100ABE527 /* SceneDelegate.swift */; };
		F601B7FB24DE9B0800ABE527 /* Assets.xcassets in Resources */ = {isa = PBXBuildFile; fileRef = F601B7FA24DE9B0800ABE527 /* Assets.xcassets */; };
		F601B7FE24DE9B0800ABE527 /* Preview Assets.xcassets in Resources */ = {isa = PBXBuildFile; fileRef = F601B7FD24DE9B0800ABE527 /* Preview Assets.xcassets */; };
		F601B80124DE9B0800ABE527 /* LaunchScreen.storyboard in Resources */ = {isa = PBXBuildFile; fileRef = F601B7FF24DE9B0800ABE527 /* LaunchScreen.storyboard */; };
		F601B80924DE9BE200ABE527 /* MainView.swift in Sources */ = {isa = PBXBuildFile; fileRef = F601B80824DE9BE200ABE527 /* MainView.swift */; };
		F624899B24DEA40200CBA95A /* PlayGameView.swift in Sources */ = {isa = PBXBuildFile; fileRef = F624899A24DEA40200CBA95A /* PlayGameView.swift */; };
		F624899D24DEA7D700CBA95A /* SettingView.swift in Sources */ = {isa = PBXBuildFile; fileRef = F624899C24DEA7D700CBA95A /* SettingView.swift */; };
		F62489A124DEC43A00CBA95A /* README.md in Resources */ = {isa = PBXBuildFile; fileRef = F62489A024DEC43A00CBA95A /* README.md */; };
		F6B1522E24DFB3A600BDFBCB /* DiceArrayView.swift in Sources */ = {isa = PBXBuildFile; fileRef = F6B1522D24DFB3A600BDFBCB /* DiceArrayView.swift */; };
		F6B1523124DFB43400BDFBCB /* Dice.swift in Sources */ = {isa = PBXBuildFile; fileRef = F6B1523024DFB43400BDFBCB /* Dice.swift */; };
		F6B1523324DFBA3F00BDFBCB /* Player.swift in Sources */ = {isa = PBXBuildFile; fileRef = F6B1523224DFBA3F00BDFBCB /* Player.swift */; };
/* End PBXBuildFile section */

/* Begin PBXFileReference section */
		F601B7F124DE9B0100ABE527 /* FarkleGame.app */ = {isa = PBXFileReference; explicitFileType = wrapper.application; includeInIndex = 0; path = FarkleGame.app; sourceTree = BUILT_PRODUCTS_DIR; };
		F601B7F424DE9B0100ABE527 /* AppDelegate.swift */ = {isa = PBXFileReference; lastKnownFileType = sourcecode.swift; path = AppDelegate.swift; sourceTree = "<group>"; };
		F601B7F624DE9B0100ABE527 /* SceneDelegate.swift */ = {isa = PBXFileReference; lastKnownFileType = sourcecode.swift; path = SceneDelegate.swift; sourceTree = "<group>"; };
		F601B7FA24DE9B0800ABE527 /* Assets.xcassets */ = {isa = PBXFileReference; lastKnownFileType = folder.assetcatalog; path = Assets.xcassets; sourceTree = "<group>"; };
		F601B7FD24DE9B0800ABE527 /* Preview Assets.xcassets */ = {isa = PBXFileReference; lastKnownFileType = folder.assetcatalog; path = "Preview Assets.xcassets"; sourceTree = "<group>"; };
		F601B80024DE9B0800ABE527 /* Base */ = {isa = PBXFileReference; lastKnownFileType = file.storyboard; name = Base; path = Base.lproj/LaunchScreen.storyboard; sourceTree = "<group>"; };
		F601B80224DE9B0800ABE527 /* Info.plist */ = {isa = PBXFileReference; lastKnownFileType = text.plist.xml; path = Info.plist; sourceTree = "<group>"; };
		F601B80824DE9BE200ABE527 /* MainView.swift */ = {isa = PBXFileReference; lastKnownFileType = sourcecode.swift; path = MainView.swift; sourceTree = "<group>"; };
		F624899A24DEA40200CBA95A /* PlayGameView.swift */ = {isa = PBXFileReference; lastKnownFileType = sourcecode.swift; path = PlayGameView.swift; sourceTree = "<group>"; };
		F624899C24DEA7D700CBA95A /* SettingView.swift */ = {isa = PBXFileReference; lastKnownFileType = sourcecode.swift; path = SettingView.swift; sourceTree = "<group>"; };
		F62489A024DEC43A00CBA95A /* README.md */ = {isa = PBXFileReference; lastKnownFileType = net.daringfireball.markdown; path = README.md; sourceTree = "<group>"; xcLanguageSpecificationIdentifier = xcode.lang.markdown; };
		F6B1522D24DFB3A600BDFBCB /* DiceArrayView.swift */ = {isa = PBXFileReference; lastKnownFileType = sourcecode.swift; path = DiceArrayView.swift; sourceTree = "<group>"; };
		F6B1523024DFB43400BDFBCB /* Dice.swift */ = {isa = PBXFileReference; lastKnownFileType = sourcecode.swift; path = Dice.swift; sourceTree = "<group>"; };
		F6B1523224DFBA3F00BDFBCB /* Player.swift */ = {isa = PBXFileReference; lastKnownFileType = sourcecode.swift; path = Player.swift; sourceTree = "<group>"; };
/* End PBXFileReference section */

/* Begin PBXFrameworksBuildPhase section */
		F601B7EE24DE9B0100ABE527 /* Frameworks */ = {
			isa = PBXFrameworksBuildPhase;
			buildActionMask = 2147483647;
			files = (
			);
			runOnlyForDeploymentPostprocessing = 0;
		};
/* End PBXFrameworksBuildPhase section */

/* Begin PBXGroup section */
		F601B7E824DE9B0100ABE527 = {
			isa = PBXGroup;
			children = (
				F62489A024DEC43A00CBA95A /* README.md */,
				F601B7F324DE9B0100ABE527 /* FarkleGame */,
				F601B7F224DE9B0100ABE527 /* Products */,
			);
			sourceTree = "<group>";
		};
		F601B7F224DE9B0100ABE527 /* Products */ = {
			isa = PBXGroup;
			children = (
				F601B7F124DE9B0100ABE527 /* FarkleGame.app */,
			);
			name = Products;
			sourceTree = "<group>";
		};
		F601B7F324DE9B0100ABE527 /* FarkleGame */ = {
			isa = PBXGroup;
			children = (
				F6B1522F24DFB42000BDFBCB /* Models */,
				F601B7F424DE9B0100ABE527 /* AppDelegate.swift */,
				F601B7F624DE9B0100ABE527 /* SceneDelegate.swift */,
				F601B7FA24DE9B0800ABE527 /* Assets.xcassets */,
				F601B7FF24DE9B0800ABE527 /* LaunchScreen.storyboard */,
				F601B80224DE9B0800ABE527 /* Info.plist */,
				F601B7FC24DE9B0800ABE527 /* Preview Content */,
				F601B80824DE9BE200ABE527 /* MainView.swift */,
				F624899A24DEA40200CBA95A /* PlayGameView.swift */,
				F624899C24DEA7D700CBA95A /* SettingView.swift */,
				F6B1522D24DFB3A600BDFBCB /* DiceArrayView.swift */,
			);
			path = FarkleGame;
			sourceTree = "<group>";
		};
		F601B7FC24DE9B0800ABE527 /* Preview Content */ = {
			isa = PBXGroup;
			children = (
				F601B7FD24DE9B0800ABE527 /* Preview Assets.xcassets */,
			);
			path = "Preview Content";
			sourceTree = "<group>";
		};
		F6B1522F24DFB42000BDFBCB /* Models */ = {
			isa = PBXGroup;
			children = (
				F6B1523024DFB43400BDFBCB /* Dice.swift */,
				F6B1523224DFBA3F00BDFBCB /* Player.swift */,
			);
			path = Models;
			sourceTree = "<group>";
		};
/* End PBXGroup section */

/* Begin PBXNativeTarget section */
		F601B7F024DE9B0100ABE527 /* FarkleGame */ = {
			isa = PBXNativeTarget;
			buildConfigurationList = F601B80524DE9B0800ABE527 /* Build configuration list for PBXNativeTarget "FarkleGame" */;
			buildPhases = (
				F601B7ED24DE9B0100ABE527 /* Sources */,
				F601B7EE24DE9B0100ABE527 /* Frameworks */,
				F601B7EF24DE9B0100ABE527 /* Resources */,
			);
			buildRules = (
			);
			dependencies = (
			);
			name = FarkleGame;
			productName = FarkleGame;
			productReference = F601B7F124DE9B0100ABE527 /* FarkleGame.app */;
			productType = "com.apple.product-type.application";
		};
/* End PBXNativeTarget section */

/* Begin PBXProject section */
		F601B7E924DE9B0100ABE527 /* Project object */ = {
			isa = PBXProject;
			attributes = {
				LastSwiftUpdateCheck = 1160;
				LastUpgradeCheck = 1160;
				ORGANIZATIONNAME = "Jungyu Choi";
				TargetAttributes = {
					F601B7F024DE9B0100ABE527 = {
						CreatedOnToolsVersion = 11.6;
					};
				};
			};
			buildConfigurationList = F601B7EC24DE9B0100ABE527 /* Build configuration list for PBXProject "FarkleGame" */;
			compatibilityVersion = "Xcode 9.3";
			developmentRegion = en;
			hasScannedForEncodings = 0;
			knownRegions = (
				en,
				Base,
			);
			mainGroup = F601B7E824DE9B0100ABE527;
			productRefGroup = F601B7F224DE9B0100ABE527 /* Products */;
			projectDirPath = "";
			projectRoot = "";
			targets = (
				F601B7F024DE9B0100ABE527 /* FarkleGame */,
			);
		};
/* End PBXProject section */

/* Begin PBXResourcesBuildPhase section */
		F601B7EF24DE9B0100ABE527 /* Resources */ = {
			isa = PBXResourcesBuildPhase;
			buildActionMask = 2147483647;
			files = (
				F601B80124DE9B0800ABE527 /* LaunchScreen.storyboard in Resources */,
				F601B7FE24DE9B0800ABE527 /* Preview Assets.xcassets in Resources */,
				F62489A124DEC43A00CBA95A /* README.md in Resources */,
				F601B7FB24DE9B0800ABE527 /* Assets.xcassets in Resources */,
			);
			runOnlyForDeploymentPostprocessing = 0;
		};
/* End PBXResourcesBuildPhase section */

/* Begin PBXSourcesBuildPhase section */
		F601B7ED24DE9B0100ABE527 /* Sources */ = {
			isa = PBXSourcesBuildPhase;
			buildActionMask = 2147483647;
			files = (
				F624899B24DEA40200CBA95A /* PlayGameView.swift in Sources */,
				F6B1523124DFB43400BDFBCB /* Dice.swift in Sources */,
				F624899D24DEA7D700CBA95A /* SettingView.swift in Sources */,
				F601B7F524DE9B0100ABE527 /* AppDelegate.swift in Sources */,
				F6B1523324DFBA3F00BDFBCB /* Player.swift in Sources */,
				F6B1522E24DFB3A600BDFBCB /* DiceArrayView.swift in Sources */,
				F601B80924DE9BE200ABE527 /* MainView.swift in Sources */,
				F601B7F724DE9B0100ABE527 /* SceneDelegate.swift in Sources */,
			);
			runOnlyForDeploymentPostprocessing = 0;
		};
/* End PBXSourcesBuildPhase section */

/* Begin PBXVariantGroup section */
		F601B7FF24DE9B0800ABE527 /* LaunchScreen.storyboard */ = {
			isa = PBXVariantGroup;
			children = (
				F601B80024DE9B0800ABE527 /* Base */,
			);
			name = LaunchScreen.storyboard;
			sourceTree = "<group>";
		};
/* End PBXVariantGroup section */

/* Begin XCBuildConfiguration section */
		F601B80324DE9B0800ABE527 /* Debug */ = {
			isa = XCBuildConfiguration;
			buildSettings = {
				ALWAYS_SEARCH_USER_PATHS = NO;
				CLANG_ANALYZER_NONNULL = YES;
				CLANG_ANALYZER_NUMBER_OBJECT_CONVERSION = YES_AGGRESSIVE;
				CLANG_CXX_LANGUAGE_STANDARD = "gnu++14";
				CLANG_CXX_LIBRARY = "libc++";
				CLANG_ENABLE_MODULES = YES;
				CLANG_ENABLE_OBJC_ARC = YES;
				CLANG_ENABLE_OBJC_WEAK = YES;
				CLANG_WARN_BLOCK_CAPTURE_AUTORELEASING = YES;
				CLANG_WARN_BOOL_CONVERSION = YES;
				CLANG_WARN_COMMA = YES;
				CLANG_WARN_CONSTANT_CONVERSION = YES;
				CLANG_WARN_DEPRECATED_OBJC_IMPLEMENTATIONS = YES;
				CLANG_WARN_DIRECT_OBJC_ISA_USAGE = YES_ERROR;
				CLANG_WARN_DOCUMENTATION_COMMENTS = YES;
				CLANG_WARN_EMPTY_BODY = YES;
				CLANG_WARN_ENUM_CONVERSION = YES;
				CLANG_WARN_INFINITE_RECURSION = YES;
				CLANG_WARN_INT_CONVERSION = YES;
				CLANG_WARN_NON_LITERAL_NULL_CONVERSION = YES;
				CLANG_WARN_OBJC_IMPLICIT_RETAIN_SELF = YES;
				CLANG_WARN_OBJC_LITERAL_CONVERSION = YES;
				CLANG_WARN_OBJC_ROOT_CLASS = YES_ERROR;
				CLANG_WARN_RANGE_LOOP_ANALYSIS = YES;
				CLANG_WARN_STRICT_PROTOTYPES = YES;
				CLANG_WARN_SUSPICIOUS_MOVE = YES;
				CLANG_WARN_UNGUARDED_AVAILABILITY = YES_AGGRESSIVE;
				CLANG_WARN_UNREACHABLE_CODE = YES;
				CLANG_WARN__DUPLICATE_METHOD_MATCH = YES;
				COPY_PHASE_STRIP = NO;
				DEBUG_INFORMATION_FORMAT = dwarf;
				ENABLE_STRICT_OBJC_MSGSEND = YES;
				ENABLE_TESTABILITY = YES;
				GCC_C_LANGUAGE_STANDARD = gnu11;
				GCC_DYNAMIC_NO_PIC = NO;
				GCC_NO_COMMON_BLOCKS = YES;
				GCC_OPTIMIZATION_LEVEL = 0;
				GCC_PREPROCESSOR_DEFINITIONS = (
					"DEBUG=1",
					"$(inherited)",
				);
				GCC_WARN_64_TO_32_BIT_CONVERSION = YES;
				GCC_WARN_ABOUT_RETURN_TYPE = YES_ERROR;
				GCC_WARN_UNDECLARED_SELECTOR = YES;
				GCC_WARN_UNINITIALIZED_AUTOS = YES_AGGRESSIVE;
				GCC_WARN_UNUSED_FUNCTION = YES;
				GCC_WARN_UNUSED_VARIABLE = YES;
				IPHONEOS_DEPLOYMENT_TARGET = 13.6;
				MTL_ENABLE_DEBUG_INFO = INCLUDE_SOURCE;
				MTL_FAST_MATH = YES;
				ONLY_ACTIVE_ARCH = YES;
				SDKROOT = iphoneos;
				SWIFT_ACTIVE_COMPILATION_CONDITIONS = DEBUG;
				SWIFT_OPTIMIZATION_LEVEL = "-Onone";
			};
			name = Debug;
		};
		F601B80424DE9B0800ABE527 /* Release */ = {
			isa = XCBuildConfiguration;
			buildSettings = {
				ALWAYS_SEARCH_USER_PATHS = NO;
				CLANG_ANALYZER_NONNULL = YES;
				CLANG_ANALYZER_NUMBER_OBJECT_CONVERSION = YES_AGGRESSIVE;
				CLANG_CXX_LANGUAGE_STANDARD = "gnu++14";
				CLANG_CXX_LIBRARY = "libc++";
				CLANG_ENABLE_MODULES = YES;
				CLANG_ENABLE_OBJC_ARC = YES;
				CLANG_ENABLE_OBJC_WEAK = YES;
				CLANG_WARN_BLOCK_CAPTURE_AUTORELEASING = YES;
				CLANG_WARN_BOOL_CONVERSION = YES;
				CLANG_WARN_COMMA = YES;
				CLANG_WARN_CONSTANT_CONVERSION = YES;
				CLANG_WARN_DEPRECATED_OBJC_IMPLEMENTATIONS = YES;
				CLANG_WARN_DIRECT_OBJC_ISA_USAGE = YES_ERROR;
				CLANG_WARN_DOCUMENTATION_COMMENTS = YES;
				CLANG_WARN_EMPTY_BODY = YES;
				CLANG_WARN_ENUM_CONVERSION = YES;
				CLANG_WARN_INFINITE_RECURSION = YES;
				CLANG_WARN_INT_CONVERSION = YES;
				CLANG_WARN_NON_LITERAL_NULL_CONVERSION = YES;
				CLANG_WARN_OBJC_IMPLICIT_RETAIN_SELF = YES;
				CLANG_WARN_OBJC_LITERAL_CONVERSION = YES;
				CLANG_WARN_OBJC_ROOT_CLASS = YES_ERROR;
				CLANG_WARN_RANGE_LOOP_ANALYSIS = YES;
				CLANG_WARN_STRICT_PROTOTYPES = YES;
				CLANG_WARN_SUSPICIOUS_MOVE = YES;
				CLANG_WARN_UNGUARDED_AVAILABILITY = YES_AGGRESSIVE;
				CLANG_WARN_UNREACHABLE_CODE = YES;
				CLANG_WARN__DUPLICATE_METHOD_MATCH = YES;
				COPY_PHASE_STRIP = NO;
				DEBUG_INFORMATION_FORMAT = "dwarf-with-dsym";
				ENABLE_NS_ASSERTIONS = NO;
				ENABLE_STRICT_OBJC_MSGSEND = YES;
				GCC_C_LANGUAGE_STANDARD = gnu11;
				GCC_NO_COMMON_BLOCKS = YES;
				GCC_WARN_64_TO_32_BIT_CONVERSION = YES;
				GCC_WARN_ABOUT_RETURN_TYPE = YES_ERROR;
				GCC_WARN_UNDECLARED_SELECTOR = YES;
				GCC_WARN_UNINITIALIZED_AUTOS = YES_AGGRESSIVE;
				GCC_WARN_UNUSED_FUNCTION = YES;
				GCC_WARN_UNUSED_VARIABLE = YES;
				IPHONEOS_DEPLOYMENT_TARGET = 13.6;
				MTL_ENABLE_DEBUG_INFO = NO;
				MTL_FAST_MATH = YES;
				SDKROOT = iphoneos;
				SWIFT_COMPILATION_MODE = wholemodule;
				SWIFT_OPTIMIZATION_LEVEL = "-O";
				VALIDATE_PRODUCT = YES;
			};
			name = Release;
		};
		F601B80624DE9B0800ABE527 /* Debug */ = {
			isa = XCBuildConfiguration;
			buildSettings = {
				ASSETCATALOG_COMPILER_APPICON_NAME = AppIcon;
				CODE_SIGN_STYLE = Automatic;
				DEVELOPMENT_ASSET_PATHS = "\"FarkleGame/Preview Content\"";
				DEVELOPMENT_TEAM = HK27VH7SVL;
				ENABLE_PREVIEWS = YES;
				INFOPLIST_FILE = FarkleGame/Info.plist;
				LD_RUNPATH_SEARCH_PATHS = (
					"$(inherited)",
					"@executable_path/Frameworks",
				);
				PRODUCT_BUNDLE_IDENTIFIER = PersonalProject.FarkleGame;
				PRODUCT_NAME = "$(TARGET_NAME)";
				SWIFT_VERSION = 5.0;
				TARGETED_DEVICE_FAMILY = "1,2";
			};
			name = Debug;
		};
		F601B80724DE9B0800ABE527 /* Release */ = {
			isa = XCBuildConfiguration;
			buildSettings = {
				ASSETCATALOG_COMPILER_APPICON_NAME = AppIcon;
				CODE_SIGN_STYLE = Automatic;
				DEVELOPMENT_ASSET_PATHS = "\"FarkleGame/Preview Content\"";
				DEVELOPMENT_TEAM = HK27VH7SVL;
				ENABLE_PREVIEWS = YES;
				INFOPLIST_FILE = FarkleGame/Info.plist;
				LD_RUNPATH_SEARCH_PATHS = (
					"$(inherited)",
					"@executable_path/Frameworks",
				);
				PRODUCT_BUNDLE_IDENTIFIER = PersonalProject.FarkleGame;
				PRODUCT_NAME = "$(TARGET_NAME)";
				SWIFT_VERSION = 5.0;
				TARGETED_DEVICE_FAMILY = "1,2";
			};
			name = Release;
		};
/* End XCBuildConfiguration section */

/* Begin XCConfigurationList section */
		F601B7EC24DE9B0100ABE527 /* Build configuration list for PBXProject "FarkleGame" */ = {
			isa = XCConfigurationList;
			buildConfigurations = (
				F601B80324DE9B0800ABE527 /* Debug */,
				F601B80424DE9B0800ABE527 /* Release */,
			);
			defaultConfigurationIsVisible = 0;
			defaultConfigurationName = Release;
		};
		F601B80524DE9B0800ABE527 /* Build configuration list for PBXNativeTarget "FarkleGame" */ = {
			isa = XCConfigurationList;
			buildConfigurations = (
				F601B80624DE9B0800ABE527 /* Debug */,
				F601B80724DE9B0800ABE527 /* Release */,
			);
			defaultConfigurationIsVisible = 0;
			defaultConfigurationName = Release;
		};
/* End XCConfigurationList section */
	};
	rootObject = F601B7E924DE9B0100ABE527 /* Project object */;
}
